<?xml version="1.0" encoding="utf-8"?>
<Project ToolsVersion="4.0" xmlns="http://schemas.microsoft.com/developer/msbuild/2003">
  <ItemGroup>
    <Filter Include="標頭檔">
      <UniqueIdentifier>{93995380-89BD-4b04-88EB-625FBE52EBFB}</UniqueIdentifier>
      <Extensions>h;hh;hpp;hxx;h++;hm;inl;inc;ipp;xsd</Extensions>
    </Filter>
    <Filter Include="資源檔">
      <UniqueIdentifier>{67DA6AB6-F800-4c08-8B7A-83BB121AAD01}</UniqueIdentifier>
      <Extensions>rc;ico;cur;bmp;dlg;rc2;rct;bin;rgs;gif;jpg;jpeg;jpe;resx;tiff;tif;png;wav;mfcribbon-ms</Extensions>
    </Filter>
    <Filter Include="來源檔案">
      <UniqueIdentifier>{1fe8875b-414e-4594-b896-31e2c567c675}</UniqueIdentifier>
    </Filter>
    <Filter Include="標頭檔\base">
      <UniqueIdentifier>{a67cf561-8395-46ad-b3fd-2ff2591e64b0}</UniqueIdentifier>
    </Filter>
    <Filter Include="標頭檔\imgproc">
      <UniqueIdentifier>{2a7feee1-741c-441e-a034-705e0c233169}</UniqueIdentifier>
    </Filter>
    <Filter Include="標頭檔\algo">
      <UniqueIdentifier>{b0b9f19a-b95d-4e76-8d4f-1bf0004b2bf4}</UniqueIdentifier>
    </Filter>
    <Filter Include="來源檔案\base">
      <UniqueIdentifier>{4FC737F1-C7A5-4376-A066-2A32D752A2FF}</UniqueIdentifier>
      <Extensions>cpp;c;cc;cxx;c++;cppm;ixx;def;odl;idl;hpj;bat;asm;asmx</Extensions>
    </Filter>
    <Filter Include="來源檔案\imgproc">
      <UniqueIdentifier>{63686548-6d8a-435c-ba96-c467d373f111}</UniqueIdentifier>
    </Filter>
    <Filter Include="來源檔案\algo">
      <UniqueIdentifier>{102c0199-2e34-4c1e-a099-3915652abf37}</UniqueIdentifier>
    </Filter>
  </ItemGroup>
  <ItemGroup>
    <ClInclude Include="include\core_cv\imgproc\core_ops.hpp">
      <Filter>標頭檔\imgproc</Filter>
    </ClInclude>
    <ClInclude Include="include\core_cv\base\cuda_utils.hpp">
      <Filter>標頭檔\base</Filter>
    </ClInclude>
  </ItemGroup>
  <ItemGroup>
    <CudaCompile Include="src\imgproc\core_ops.cu">
      <Filter>來源檔案\imgproc</Filter>
    </CudaCompile>
    <CudaCompile Include="src\imgproc\core_kernels.cu">
      <Filter>來源檔案\imgproc</Filter>
    </CudaCompile>
  </ItemGroup>
  <ItemGroup>
    <None Include="src\imgproc\core_kernels.cuh">
      <Filter>來源檔案\imgproc</Filter>
    </None>
  </ItemGroup>
</Project>